{
  "version": 4,
  "terraform_version": "1.6.4",
  "serial": 17,
  "lineage": "3c33643d-e21c-cd1a-09d0-5bdc19977ecc",
  "outputs": {},
  "resources": [
    {
      "mode": "managed",
      "type": "google_compute_instance",
      "name": "my_instance",
      "provider": "provider[\"registry.terraform.io/hashicorp/google\"]",
      "instances": [
        {
          "schema_version": 6,
          "attributes": {
            "advanced_machine_features": [],
            "allow_stopping_for_update": true,
            "attached_disk": [],
            "boot_disk": [
              {
                "auto_delete": true,
                "device_name": "persistent-disk-0",
                "disk_encryption_key_raw": "",
                "disk_encryption_key_sha256": "",
                "initialize_params": [
                  {
                    "image": "https://www.googleapis.com/compute/v1/projects/ubuntu-os-cloud/global/images/ubuntu-1804-bionic-v20220810",
                    "labels": {},
                    "resource_manager_tags": {},
                    "size": 10,
                    "type": "pd-standard"
                  }
                ],
                "kms_key_self_link": "",
                "mode": "READ_WRITE",
                "source": "https://www.googleapis.com/compute/v1/projects/emea-tac-cloud-and-compute/zones/us-central1-a/disks/kuba-defender"
              }
            ],
            "can_ip_forward": false,
            "confidential_instance_config": [],
            "cpu_platform": "AMD Rome",
            "current_status": "RUNNING",
            "deletion_protection": false,
            "description": "",
            "desired_status": null,
            "effective_labels": {},
            "enable_display": false,
            "guest_accelerator": [],
            "hostname": "",
            "id": "projects/emea-tac-cloud-and-compute/zones/us-central1-a/instances/kuba-defender",
            "instance_id": "2287968582546490510",
            "label_fingerprint": "42WmSpB8rSM=",
            "labels": {},
            "machine_type": "e2-medium",
            "metadata": {},
            "metadata_fingerprint": "iR5ytqpu6dg=",
            "metadata_startup_script": "# startup-script.sh\n\n#!/bin/bash\n\nDEFENDER_INSTALL_SCRIPT=\"https://kuba-linux.us-central1-a.c.emea-tac-cloud-and-compute.internal:8083/api/v1/scripts/defender.sh\"\nDEFENDER_CONTROLLER_HOST=\"kuba-linux.us-central1-a.c.emea-tac-cloud-and-compute.internal\"\nDEFENDER_MODE=\"none\"\nTOKEN=\"eyJhbGciOiJIUzI1NiIsInR5cCI6IkpXVCJ9.eyJ1c2VyIjoiYWRtaW4iLCJyb2xlIjoiYWRtaW4iLCJncm91cHMiOm51bGwsInJvbGVQZXJtcyI6W1syNTUsMjU1LDI1NSwyNTUsMjU1LDEyNywxXSxbMjU1LDI1NSwyNTUsMjU1LDI1NSwxMjcsMV1dLCJzZXNzaW9uVGltZW91dFNlYyI6MTgwMCwiZXhwIjoxNzAwNjA1MDYyLCJpc3MiOiJ0d2lzdGxvY2sifQ.78rjzwY397b8iTK9fFN8PxJLuThPPR19BSz4naPs92c\"\n\n# Download and install Defender\ncurl -sSL -k --header \"authorization: Bearer $TOKEN\" -X POST \"$DEFENDER_INSTALL_SCRIPT\" | sudo bash -s -- -c \"$DEFENDER_CONTROLLER_HOST\" -d \"$DEFENDER_MODE\"\n",
            "min_cpu_platform": "",
            "name": "kuba-defender",
            "network_interface": [
              {
                "access_config": [
                  {
                    "nat_ip": "130.211.192.219",
                    "network_tier": "PREMIUM",
                    "public_ptr_domain_name": ""
                  }
                ],
                "alias_ip_range": [],
                "internal_ipv6_prefix_length": 0,
                "ipv6_access_config": [],
                "ipv6_access_type": "",
                "ipv6_address": "",
                "name": "nic0",
                "network": "https://www.googleapis.com/compute/v1/projects/emea-tac-cloud-and-compute/global/networks/default",
                "network_ip": "10.128.0.40",
                "nic_type": "",
                "queue_count": 0,
                "stack_type": "IPV4_ONLY",
                "subnetwork": "https://www.googleapis.com/compute/v1/projects/emea-tac-cloud-and-compute/regions/us-central1/subnetworks/default",
                "subnetwork_project": "emea-tac-cloud-and-compute"
              }
            ],
            "network_performance_config": [],
            "params": [],
            "project": "emea-tac-cloud-and-compute",
            "reservation_affinity": [],
            "resource_policies": [],
            "scheduling": [
              {
                "automatic_restart": true,
                "instance_termination_action": "",
                "local_ssd_recovery_timeout": [],
                "min_node_cpus": 0,
                "node_affinities": [],
                "on_host_maintenance": "MIGRATE",
                "preemptible": false,
                "provisioning_model": "STANDARD"
              }
            ],
            "scratch_disk": [],
            "self_link": "https://www.googleapis.com/compute/v1/projects/emea-tac-cloud-and-compute/zones/us-central1-a/instances/kuba-defender",
            "service_account": [],
            "shielded_instance_config": [
              {
                "enable_integrity_monitoring": true,
                "enable_secure_boot": false,
                "enable_vtpm": true
              }
            ],
            "tags": [
              "prisma-defender"
            ],
            "tags_fingerprint": "V4Kv1kf3d5U=",
            "terraform_labels": {},
            "timeouts": null,
            "zone": "us-central1-a"
          },
          "sensitive_attributes": [],
          "private": "eyJlMmJmYjczMC1lY2FhLTExZTYtOGY4OC0zNDM2M2JjN2M0YzAiOnsiY3JlYXRlIjoxMjAwMDAwMDAwMDAwLCJkZWxldGUiOjEyMDAwMDAwMDAwMDAsInVwZGF0ZSI6MTIwMDAwMDAwMDAwMH0sInNjaGVtYV92ZXJzaW9uIjoiNiJ9"
        }
      ]
    }
  ],
  "check_results": null
}
